
Microsoft Visual Studio Solution File, Format Version 12.00
# Visual Studio Version 16
VisualStudioVersion = 16.0.29728.190
MinimumVisualStudioVersion = 10.0.40219.1
Project("{FAE04EC0-301F-11D3-BF4B-00C04F79EFBC}") = "dotnetNagpApp", "dotnetNagpApp\dotnetNagpApp.csproj", "{68E6CC99-791B-4F39-A25C-1153DBD4DAED}"
EndProject
Project("{FAE04EC0-301F-11D3-BF4B-00C04F79EFBC}") = "dotnetNagpTest", "dotnetNagpTest\dotnetNagpTest.csproj", "{518570A2-F129-4E2D-8D8E-6CD5C0B1D0BA}"
EndProject
Global
	GlobalSection(SolutionConfigurationPlatforms) = preSolution
		Debug|Any CPU = Debug|Any CPU
		Release|Any CPU = Release|Any CPU
	EndGlobalSection
	GlobalSection(ProjectConfigurationPlatforms) = postSolution
		{68E6CC99-791B-4F39-A25C-1153DBD4DAED}.Debug|Any CPU.ActiveCfg = Debug|Any CPU
		{68E6CC99-791B-4F39-A25C-1153DBD4DAED}.Debug|Any CPU.Build.0 = Debug|Any CPU
		{68E6CC99-791B-4F39-A25C-1153DBD4DAED}.Release|Any CPU.ActiveCfg = Release|Any CPU
		{68E6CC99-791B-4F39-A25C-1153DBD4DAED}.Release|Any CPU.Build.0 = Release|Any CPU
		{518570A2-F129-4E2D-8D8E-6CD5C0B1D0BA}.Debug|Any CPU.ActiveCfg = Debug|Any CPU
		{518570A2-F129-4E2D-8D8E-6CD5C0B1D0BA}.Debug|Any CPU.Build.0 = Debug|Any CPU
		{518570A2-F129-4E2D-8D8E-6CD5C0B1D0BA}.Release|Any CPU.ActiveCfg = Release|Any CPU
		{518570A2-F129-4E2D-8D8E-6CD5C0B1D0BA}.Release|Any CPU.Build.0 = Release|Any CPU
	EndGlobalSection
	GlobalSection(SolutionProperties) = preSolution
		HideSolutionNode = FALSE
	EndGlobalSection
	GlobalSection(ExtensibilityGlobals) = postSolution
		SolutionGuid = {F35A5B49-20A4-4266-B9F0-0DBDC67FAC45}
	EndGlobalSection
EndGlobal
